{
  "name": "mybodypix",
  "version": "1.0.0",
  "lockfileVersion": 1,
  "requires": true,
  "dependencies": {
    "@tensorflow-models/body-pix": {
      "version": "2.0.5",
      "resolved": "https://registry.npmjs.org/@tensorflow-models/body-pix/-/body-pix-2.0.5.tgz",
      "integrity": "sha512-zEke/JjGajqZ00b1X4KVq2yevSfl6HxysDnM8WLHVARrbTbCo3RliZZ0m+AuM/q+UASgmzpiyrEXQYUmmy+H3g=="
    }
  }
}
